// !$*UTF8*$!
{
	archiveVersion = 1;
	classes = {
	};
	objectVersion = 55;
	objects = {

/* Begin PBXBuildFile section */
		6C04371128A7D85F00510A78 /* ClassifiedAdsViewModelTests.swift in Sources */ = {isa = PBXBuildFile; fileRef = 6C04370F28A7D82100510A78 /* ClassifiedAdsViewModelTests.swift */; };
		6C04371428A7D90800510A78 /* ClassifiedAd+Mock.swift in Sources */ = {isa = PBXBuildFile; fileRef = 6C04371328A7D90800510A78 /* ClassifiedAd+Mock.swift */; };
		6C04371628A7DDB300510A78 /* MockClassifiedAdsViewModelDelegate.swift in Sources */ = {isa = PBXBuildFile; fileRef = 6C04371528A7DDB300510A78 /* MockClassifiedAdsViewModelDelegate.swift */; };
		6C04371828A7DE4500510A78 /* MockClassifiedAdsRepository.swift in Sources */ = {isa = PBXBuildFile; fileRef = 6C04371728A7DE4500510A78 /* MockClassifiedAdsRepository.swift */; };
		6C04371A28A7DF0E00510A78 /* ClassifiedAdsViewModel+Mock.swift in Sources */ = {isa = PBXBuildFile; fileRef = 6C04371928A7DF0E00510A78 /* ClassifiedAdsViewModel+Mock.swift */; };
		6C04371D28A7DFA200510A78 /* MockImageProvider.swift in Sources */ = {isa = PBXBuildFile; fileRef = 6C04371C28A7DFA200510A78 /* MockImageProvider.swift */; };
		6C04371F28A7E2EB00510A78 /* MockCategoryMapperProvider.swift in Sources */ = {isa = PBXBuildFile; fileRef = 6C04371E28A7E2EB00510A78 /* MockCategoryMapperProvider.swift */; };
		6C04372628A7F1B600510A78 /* CloseButton.swift in Sources */ = {isa = PBXBuildFile; fileRef = 6C04372528A7F1B600510A78 /* CloseButton.swift */; };
		6C04372828A815C500510A78 /* DateFormatter.swift in Sources */ = {isa = PBXBuildFile; fileRef = 6C04372728A815C500510A78 /* DateFormatter.swift */; };
		6C04372A28A8204F00510A78 /* AdDetails.swift in Sources */ = {isa = PBXBuildFile; fileRef = 6C04372928A8204F00510A78 /* AdDetails.swift */; };
		6C04372C28A8238E00510A78 /* HighlightedText.swift in Sources */ = {isa = PBXBuildFile; fileRef = 6C04372B28A8238E00510A78 /* HighlightedText.swift */; };
		6C04372E28A8254200510A78 /* Tag.swift in Sources */ = {isa = PBXBuildFile; fileRef = 6C04372D28A8254200510A78 /* Tag.swift */; };
		6C04373028A82FDF00510A78 /* Divider.swift in Sources */ = {isa = PBXBuildFile; fileRef = 6C04372F28A82FDF00510A78 /* Divider.swift */; };
		6C04373228A8324C00510A78 /* ItemInfo.swift in Sources */ = {isa = PBXBuildFile; fileRef = 6C04373128A8324C00510A78 /* ItemInfo.swift */; };
		6C04373528A8403F00510A78 /* ClassifiedAdDetailsViewModelTests.swift in Sources */ = {isa = PBXBuildFile; fileRef = 6C04373428A8403F00510A78 /* ClassifiedAdDetailsViewModelTests.swift */; };
		6C04373728A840D300510A78 /* MockClassifiedAdDetailsViewModelDelegate.swift in Sources */ = {isa = PBXBuildFile; fileRef = 6C04373628A840D300510A78 /* MockClassifiedAdDetailsViewModelDelegate.swift */; };
		6C04373928A842B600510A78 /* ClassifiedAdDetailsViewModel+Mock.swift in Sources */ = {isa = PBXBuildFile; fileRef = 6C04373828A842B600510A78 /* ClassifiedAdDetailsViewModel+Mock.swift */; };
		6C4FD22628A6BF7200418201 /* Endpoint.swift in Sources */ = {isa = PBXBuildFile; fileRef = 6C4FD22528A6BF7200418201 /* Endpoint.swift */; };
		6C4FD22828A6BF7C00418201 /* HTTPClient.swift in Sources */ = {isa = PBXBuildFile; fileRef = 6C4FD22728A6BF7C00418201 /* HTTPClient.swift */; };
		6C4FD22C28A6C38C00418201 /* ClassifiedAdsEndpoint.swift in Sources */ = {isa = PBXBuildFile; fileRef = 6C4FD22B28A6C38C00418201 /* ClassifiedAdsEndpoint.swift */; };
		6C4FD22E28A6C60F00418201 /* CategoriesEndpoint.swift in Sources */ = {isa = PBXBuildFile; fileRef = 6C4FD22D28A6C60F00418201 /* CategoriesEndpoint.swift */; };
		6C4FD23128A6C88100418201 /* CategoryMapper.swift in Sources */ = {isa = PBXBuildFile; fileRef = 6C4FD23028A6C88100418201 /* CategoryMapper.swift */; };
		6C4FD23328A6C8CC00418201 /* Category.swift in Sources */ = {isa = PBXBuildFile; fileRef = 6C4FD23228A6C8CC00418201 /* Category.swift */; };
		6C4FD23628A6C98100418201 /* CategoriesRepository.swift in Sources */ = {isa = PBXBuildFile; fileRef = 6C4FD23528A6C98100418201 /* CategoriesRepository.swift */; };
		6C4FD23828A6CF4300418201 /* CategoryMapperProvider.swift in Sources */ = {isa = PBXBuildFile; fileRef = 6C4FD23728A6CF4300418201 /* CategoryMapperProvider.swift */; };
		6C4FD23B28A6D85300418201 /* CategoriesRepositoryTests.swift in Sources */ = {isa = PBXBuildFile; fileRef = 6C4FD23A28A6D85300418201 /* CategoriesRepositoryTests.swift */; };
		6C4FD24028A6D8F300418201 /* MockHTTPClient.swift in Sources */ = {isa = PBXBuildFile; fileRef = 6C4FD23F28A6D8F300418201 /* MockHTTPClient.swift */; };
		6C4FD24228A6DD5200418201 /* XCTestCase+Wait.swift in Sources */ = {isa = PBXBuildFile; fileRef = 6C4FD24128A6DD5200418201 /* XCTestCase+Wait.swift */; };
		6C4FD24428A6DE9100418201 /* bad-request.json in Sources */ = {isa = PBXBuildFile; fileRef = 6C4FD24328A6DE9100418201 /* bad-request.json */; };
		6C4FD24B28A6DF1500418201 /* categories-error.json in Resources */ = {isa = PBXBuildFile; fileRef = 6C4FD24928A6DEC200418201 /* categories-error.json */; };
		6C4FD24C28A6DF1800418201 /* categories-success.json in Resources */ = {isa = PBXBuildFile; fileRef = 6C4FD24728A6DEB400418201 /* categories-success.json */; };
		6C4FD25028A6DF4200418201 /* ClassifiedAdsRepositoryTests.swift in Sources */ = {isa = PBXBuildFile; fileRef = 6C4FD24F28A6DF4200418201 /* ClassifiedAdsRepositoryTests.swift */; };
		6C4FD25628A6E0AB00418201 /* classified-ads-success.json in Resources */ = {isa = PBXBuildFile; fileRef = 6C4FD25228A6E02700418201 /* classified-ads-success.json */; };
		6C4FD25728A6E0AF00418201 /* classified-ads-error.json in Resources */ = {isa = PBXBuildFile; fileRef = 6C4FD25428A6E05100418201 /* classified-ads-error.json */; };
		6C4FD25B28A6F59400418201 /* NumberFormatter.swift in Sources */ = {isa = PBXBuildFile; fileRef = 6C4FD25A28A6F59400418201 /* NumberFormatter.swift */; };
		6C4FD25D28A6FA4E00418201 /* ImageProvider.swift in Sources */ = {isa = PBXBuildFile; fileRef = 6C4FD25C28A6FA4E00418201 /* ImageProvider.swift */; };
		6C4FD26128A6FF5900418201 /* AdCard.swift in Sources */ = {isa = PBXBuildFile; fileRef = 6C4FD26028A6FF5900418201 /* AdCard.swift */; };
		6C4FD26428A6FF8800418201 /* HasData.swift in Sources */ = {isa = PBXBuildFile; fileRef = 6C4FD26328A6FF8800418201 /* HasData.swift */; };
		6C6C9D4728A688FC009B8E73 /* Localizable.strings in Resources */ = {isa = PBXBuildFile; fileRef = 6C6C9D4928A688FC009B8E73 /* Localizable.strings */; };
		6C6C9D4C28A6899F009B8E73 /* Translation.swift in Sources */ = {isa = PBXBuildFile; fileRef = 6C6C9D4B28A6899F009B8E73 /* Translation.swift */; };
		6C6C9D5128A68ADC009B8E73 /* AdCell.swift in Sources */ = {isa = PBXBuildFile; fileRef = 6C6C9D5028A68ADC009B8E73 /* AdCell.swift */; };
		6C6C9D5328A68AE3009B8E73 /* AdCellViewModel.swift in Sources */ = {isa = PBXBuildFile; fileRef = 6C6C9D5228A68AE3009B8E73 /* AdCellViewModel.swift */; };
		6C6C9D5528A69361009B8E73 /* AdsHeaderView.swift in Sources */ = {isa = PBXBuildFile; fileRef = 6C6C9D5428A69361009B8E73 /* AdsHeaderView.swift */; };
		6C6C9D5728A69517009B8E73 /* Asset.swift in Sources */ = {isa = PBXBuildFile; fileRef = 6C6C9D5628A69517009B8E73 /* Asset.swift */; };
		6C6C9D5928A6B320009B8E73 /* ClassifiedAdsRepository.swift in Sources */ = {isa = PBXBuildFile; fileRef = 6C6C9D5828A6B320009B8E73 /* ClassifiedAdsRepository.swift */; };
		6CE0267B28A5314200CD73C9 /* AppDelegate.swift in Sources */ = {isa = PBXBuildFile; fileRef = 6CE0267A28A5314200CD73C9 /* AppDelegate.swift */; };
		6CE0268428A5314400CD73C9 /* Assets.xcassets in Resources */ = {isa = PBXBuildFile; fileRef = 6CE0268328A5314400CD73C9 /* Assets.xcassets */; };
		6CE0268728A5314400CD73C9 /* LaunchScreen.storyboard in Resources */ = {isa = PBXBuildFile; fileRef = 6CE0268528A5314400CD73C9 /* LaunchScreen.storyboard */; };
		6CE0269C28A5314400CD73C9 /* LebontestUITests.swift in Sources */ = {isa = PBXBuildFile; fileRef = 6CE0269B28A5314400CD73C9 /* LebontestUITests.swift */; };
		6CE0269E28A5314400CD73C9 /* LebontestUITestsLaunchTests.swift in Sources */ = {isa = PBXBuildFile; fileRef = 6CE0269D28A5314400CD73C9 /* LebontestUITestsLaunchTests.swift */; };
		6CE026AC28A533CA00CD73C9 /* AppCoordinator.swift in Sources */ = {isa = PBXBuildFile; fileRef = 6CE026AB28A533CA00CD73C9 /* AppCoordinator.swift */; };
		6CE026AF28A534F900CD73C9 /* Coordinator.swift in Sources */ = {isa = PBXBuildFile; fileRef = 6CE026AE28A534F900CD73C9 /* Coordinator.swift */; };
		6CE026B728A535BE00CD73C9 /* DesignToken.swift in Sources */ = {isa = PBXBuildFile; fileRef = 6CE026B628A535BE00CD73C9 /* DesignToken.swift */; };
		6CE026B928A535DC00CD73C9 /* ColorToken.swift in Sources */ = {isa = PBXBuildFile; fileRef = 6CE026B828A535DC00CD73C9 /* ColorToken.swift */; };
		6CE026BB28A5360400CD73C9 /* FontToken.swift in Sources */ = {isa = PBXBuildFile; fileRef = 6CE026BA28A5360400CD73C9 /* FontToken.swift */; };
		6CE026C228A537E500CD73C9 /* ClassifiedAdsViewModel.swift in Sources */ = {isa = PBXBuildFile; fileRef = 6CE026C128A537E500CD73C9 /* ClassifiedAdsViewModel.swift */; };
		6CE026C428A537F000CD73C9 /* ClassifiedAdsViewController.swift in Sources */ = {isa = PBXBuildFile; fileRef = 6CE026C328A537F000CD73C9 /* ClassifiedAdsViewController.swift */; };
		6CE026C628A537FD00CD73C9 /* ClassifiedAdDetailsViewModel.swift in Sources */ = {isa = PBXBuildFile; fileRef = 6CE026C528A537FD00CD73C9 /* ClassifiedAdDetailsViewModel.swift */; };
		6CE026C828A5380900CD73C9 /* ClassifiedAdDetailsViewController.swift in Sources */ = {isa = PBXBuildFile; fileRef = 6CE026C728A5380900CD73C9 /* ClassifiedAdDetailsViewController.swift */; };
		6CE026CB28A5554900CD73C9 /* ClassifiedAd.swift in Sources */ = {isa = PBXBuildFile; fileRef = 6CE026CA28A5554900CD73C9 /* ClassifiedAd.swift */; };
/* End PBXBuildFile section */

/* Begin PBXContainerItemProxy section */
		6CE0268E28A5314400CD73C9 /* PBXContainerItemProxy */ = {
			isa = PBXContainerItemProxy;
			containerPortal = 6CE0266F28A5314200CD73C9 /* Project object */;
			proxyType = 1;
			remoteGlobalIDString = 6CE0267628A5314200CD73C9;
			remoteInfo = LeBonTest;
		};
		6CE0269828A5314400CD73C9 /* PBXContainerItemProxy */ = {
			isa = PBXContainerItemProxy;
			containerPortal = 6CE0266F28A5314200CD73C9 /* Project object */;
			proxyType = 1;
			remoteGlobalIDString = 6CE0267628A5314200CD73C9;
			remoteInfo = LeBonTest;
		};
/* End PBXContainerItemProxy section */

/* Begin PBXFileReference section */
		6C04370F28A7D82100510A78 /* ClassifiedAdsViewModelTests.swift */ = {isa = PBXFileReference; lastKnownFileType = sourcecode.swift; path = ClassifiedAdsViewModelTests.swift; sourceTree = "<group>"; };
		6C04371328A7D90800510A78 /* ClassifiedAd+Mock.swift */ = {isa = PBXFileReference; lastKnownFileType = sourcecode.swift; path = "ClassifiedAd+Mock.swift"; sourceTree = "<group>"; };
		6C04371528A7DDB300510A78 /* MockClassifiedAdsViewModelDelegate.swift */ = {isa = PBXFileReference; lastKnownFileType = sourcecode.swift; path = MockClassifiedAdsViewModelDelegate.swift; sourceTree = "<group>"; };
		6C04371728A7DE4500510A78 /* MockClassifiedAdsRepository.swift */ = {isa = PBXFileReference; lastKnownFileType = sourcecode.swift; path = MockClassifiedAdsRepository.swift; sourceTree = "<group>"; };
		6C04371928A7DF0E00510A78 /* ClassifiedAdsViewModel+Mock.swift */ = {isa = PBXFileReference; lastKnownFileType = sourcecode.swift; path = "ClassifiedAdsViewModel+Mock.swift"; sourceTree = "<group>"; };
		6C04371C28A7DFA200510A78 /* MockImageProvider.swift */ = {isa = PBXFileReference; lastKnownFileType = sourcecode.swift; path = MockImageProvider.swift; sourceTree = "<group>"; };
		6C04371E28A7E2EB00510A78 /* MockCategoryMapperProvider.swift */ = {isa = PBXFileReference; lastKnownFileType = sourcecode.swift; path = MockCategoryMapperProvider.swift; sourceTree = "<group>"; };
		6C04372528A7F1B600510A78 /* CloseButton.swift */ = {isa = PBXFileReference; lastKnownFileType = sourcecode.swift; path = CloseButton.swift; sourceTree = "<group>"; };
		6C04372728A815C500510A78 /* DateFormatter.swift */ = {isa = PBXFileReference; lastKnownFileType = sourcecode.swift; path = DateFormatter.swift; sourceTree = "<group>"; };
		6C04372928A8204F00510A78 /* AdDetails.swift */ = {isa = PBXFileReference; lastKnownFileType = sourcecode.swift; path = AdDetails.swift; sourceTree = "<group>"; };
		6C04372B28A8238E00510A78 /* HighlightedText.swift */ = {isa = PBXFileReference; lastKnownFileType = sourcecode.swift; path = HighlightedText.swift; sourceTree = "<group>"; };
		6C04372D28A8254200510A78 /* Tag.swift */ = {isa = PBXFileReference; lastKnownFileType = sourcecode.swift; path = Tag.swift; sourceTree = "<group>"; };
		6C04372F28A82FDF00510A78 /* Divider.swift */ = {isa = PBXFileReference; lastKnownFileType = sourcecode.swift; path = Divider.swift; sourceTree = "<group>"; };
		6C04373128A8324C00510A78 /* ItemInfo.swift */ = {isa = PBXFileReference; lastKnownFileType = sourcecode.swift; path = ItemInfo.swift; sourceTree = "<group>"; };
		6C04373428A8403F00510A78 /* ClassifiedAdDetailsViewModelTests.swift */ = {isa = PBXFileReference; lastKnownFileType = sourcecode.swift; path = ClassifiedAdDetailsViewModelTests.swift; sourceTree = "<group>"; };
		6C04373628A840D300510A78 /* MockClassifiedAdDetailsViewModelDelegate.swift */ = {isa = PBXFileReference; lastKnownFileType = sourcecode.swift; path = MockClassifiedAdDetailsViewModelDelegate.swift; sourceTree = "<group>"; };
		6C04373828A842B600510A78 /* ClassifiedAdDetailsViewModel+Mock.swift */ = {isa = PBXFileReference; lastKnownFileType = sourcecode.swift; path = "ClassifiedAdDetailsViewModel+Mock.swift"; sourceTree = "<group>"; };
		6C4FD22528A6BF7200418201 /* Endpoint.swift */ = {isa = PBXFileReference; lastKnownFileType = sourcecode.swift; path = Endpoint.swift; sourceTree = "<group>"; };
		6C4FD22728A6BF7C00418201 /* HTTPClient.swift */ = {isa = PBXFileReference; lastKnownFileType = sourcecode.swift; path = HTTPClient.swift; sourceTree = "<group>"; };
		6C4FD22B28A6C38C00418201 /* ClassifiedAdsEndpoint.swift */ = {isa = PBXFileReference; lastKnownFileType = sourcecode.swift; path = ClassifiedAdsEndpoint.swift; sourceTree = "<group>"; };
		6C4FD22D28A6C60F00418201 /* CategoriesEndpoint.swift */ = {isa = PBXFileReference; lastKnownFileType = sourcecode.swift; path = CategoriesEndpoint.swift; sourceTree = "<group>"; };
		6C4FD23028A6C88100418201 /* CategoryMapper.swift */ = {isa = PBXFileReference; lastKnownFileType = sourcecode.swift; path = CategoryMapper.swift; sourceTree = "<group>"; };
		6C4FD23228A6C8CC00418201 /* Category.swift */ = {isa = PBXFileReference; lastKnownFileType = sourcecode.swift; path = Category.swift; sourceTree = "<group>"; };
		6C4FD23528A6C98100418201 /* CategoriesRepository.swift */ = {isa = PBXFileReference; lastKnownFileType = sourcecode.swift; path = CategoriesRepository.swift; sourceTree = "<group>"; };
		6C4FD23728A6CF4300418201 /* CategoryMapperProvider.swift */ = {isa = PBXFileReference; lastKnownFileType = sourcecode.swift; path = CategoryMapperProvider.swift; sourceTree = "<group>"; };
		6C4FD23A28A6D85300418201 /* CategoriesRepositoryTests.swift */ = {isa = PBXFileReference; lastKnownFileType = sourcecode.swift; path = CategoriesRepositoryTests.swift; sourceTree = "<group>"; };
		6C4FD23F28A6D8F300418201 /* MockHTTPClient.swift */ = {isa = PBXFileReference; lastKnownFileType = sourcecode.swift; path = MockHTTPClient.swift; sourceTree = "<group>"; };
		6C4FD24128A6DD5200418201 /* XCTestCase+Wait.swift */ = {isa = PBXFileReference; lastKnownFileType = sourcecode.swift; path = "XCTestCase+Wait.swift"; sourceTree = "<group>"; };
		6C4FD24328A6DE9100418201 /* bad-request.json */ = {isa = PBXFileReference; lastKnownFileType = text.json; path = "bad-request.json"; sourceTree = "<group>"; };
		6C4FD24728A6DEB400418201 /* categories-success.json */ = {isa = PBXFileReference; lastKnownFileType = text.json; path = "categories-success.json"; sourceTree = "<group>"; };
		6C4FD24928A6DEC200418201 /* categories-error.json */ = {isa = PBXFileReference; lastKnownFileType = text.json; path = "categories-error.json"; sourceTree = "<group>"; };
		6C4FD24F28A6DF4200418201 /* ClassifiedAdsRepositoryTests.swift */ = {isa = PBXFileReference; lastKnownFileType = sourcecode.swift; path = ClassifiedAdsRepositoryTests.swift; sourceTree = "<group>"; };
		6C4FD25228A6E02700418201 /* classified-ads-success.json */ = {isa = PBXFileReference; lastKnownFileType = text.json; path = "classified-ads-success.json"; sourceTree = "<group>"; };
		6C4FD25428A6E05100418201 /* classified-ads-error.json */ = {isa = PBXFileReference; lastKnownFileType = text.json; path = "classified-ads-error.json"; sourceTree = "<group>"; };
		6C4FD25A28A6F59400418201 /* NumberFormatter.swift */ = {isa = PBXFileReference; lastKnownFileType = sourcecode.swift; path = NumberFormatter.swift; sourceTree = "<group>"; };
		6C4FD25C28A6FA4E00418201 /* ImageProvider.swift */ = {isa = PBXFileReference; lastKnownFileType = sourcecode.swift; path = ImageProvider.swift; sourceTree = "<group>"; };
		6C4FD26028A6FF5900418201 /* AdCard.swift */ = {isa = PBXFileReference; lastKnownFileType = sourcecode.swift; path = AdCard.swift; sourceTree = "<group>"; };
		6C4FD26328A6FF8800418201 /* HasData.swift */ = {isa = PBXFileReference; lastKnownFileType = sourcecode.swift; path = HasData.swift; sourceTree = "<group>"; };
		6C6C9D3F28A68128009B8E73 /* OpenSans-Light.ttf */ = {isa = PBXFileReference; lastKnownFileType = file; path = "OpenSans-Light.ttf"; sourceTree = "<group>"; };
		6C6C9D4028A68128009B8E73 /* OpenSans-Regular.ttf */ = {isa = PBXFileReference; lastKnownFileType = file; path = "OpenSans-Regular.ttf"; sourceTree = "<group>"; };
		6C6C9D4128A68128009B8E73 /* OpenSans-Semibold.ttf */ = {isa = PBXFileReference; lastKnownFileType = file; path = "OpenSans-Semibold.ttf"; sourceTree = "<group>"; };
		6C6C9D4828A688FC009B8E73 /* en */ = {isa = PBXFileReference; lastKnownFileType = text.plist.strings; name = en; path = en.lproj/Localizable.strings; sourceTree = "<group>"; };
		6C6C9D4A28A6893D009B8E73 /* fr */ = {isa = PBXFileReference; lastKnownFileType = text.plist.strings; name = fr; path = fr.lproj/Localizable.strings; sourceTree = "<group>"; };
		6C6C9D4B28A6899F009B8E73 /* Translation.swift */ = {isa = PBXFileReference; lastKnownFileType = sourcecode.swift; path = Translation.swift; sourceTree = "<group>"; };
		6C6C9D5028A68ADC009B8E73 /* AdCell.swift */ = {isa = PBXFileReference; lastKnownFileType = sourcecode.swift; path = AdCell.swift; sourceTree = "<group>"; };
		6C6C9D5228A68AE3009B8E73 /* AdCellViewModel.swift */ = {isa = PBXFileReference; lastKnownFileType = sourcecode.swift; path = AdCellViewModel.swift; sourceTree = "<group>"; };
		6C6C9D5428A69361009B8E73 /* AdsHeaderView.swift */ = {isa = PBXFileReference; lastKnownFileType = sourcecode.swift; path = AdsHeaderView.swift; sourceTree = "<group>"; };
		6C6C9D5628A69517009B8E73 /* Asset.swift */ = {isa = PBXFileReference; lastKnownFileType = sourcecode.swift; path = Asset.swift; sourceTree = "<group>"; };
		6C6C9D5828A6B320009B8E73 /* ClassifiedAdsRepository.swift */ = {isa = PBXFileReference; lastKnownFileType = sourcecode.swift; path = ClassifiedAdsRepository.swift; sourceTree = "<group>"; };
		6CE0267728A5314200CD73C9 /* Lebontest.app */ = {isa = PBXFileReference; explicitFileType = wrapper.application; includeInIndex = 0; path = Lebontest.app; sourceTree = BUILT_PRODUCTS_DIR; };
		6CE0267A28A5314200CD73C9 /* AppDelegate.swift */ = {isa = PBXFileReference; lastKnownFileType = sourcecode.swift; path = AppDelegate.swift; sourceTree = "<group>"; };
		6CE0268328A5314400CD73C9 /* Assets.xcassets */ = {isa = PBXFileReference; lastKnownFileType = folder.assetcatalog; path = Assets.xcassets; sourceTree = "<group>"; };
		6CE0268628A5314400CD73C9 /* Base */ = {isa = PBXFileReference; lastKnownFileType = file.storyboard; name = Base; path = Base.lproj/LaunchScreen.storyboard; sourceTree = "<group>"; };
		6CE0268828A5314400CD73C9 /* Info.plist */ = {isa = PBXFileReference; lastKnownFileType = text.plist.xml; path = Info.plist; sourceTree = "<group>"; };
		6CE0268D28A5314400CD73C9 /* LebontestTests.xctest */ = {isa = PBXFileReference; explicitFileType = wrapper.cfbundle; includeInIndex = 0; path = LebontestTests.xctest; sourceTree = BUILT_PRODUCTS_DIR; };
		6CE0269728A5314400CD73C9 /* LebontestUITests.xctest */ = {isa = PBXFileReference; explicitFileType = wrapper.cfbundle; includeInIndex = 0; path = LebontestUITests.xctest; sourceTree = BUILT_PRODUCTS_DIR; };
		6CE0269B28A5314400CD73C9 /* LebontestUITests.swift */ = {isa = PBXFileReference; lastKnownFileType = sourcecode.swift; path = LebontestUITests.swift; sourceTree = "<group>"; };
		6CE0269D28A5314400CD73C9 /* LebontestUITestsLaunchTests.swift */ = {isa = PBXFileReference; lastKnownFileType = sourcecode.swift; path = LebontestUITestsLaunchTests.swift; sourceTree = "<group>"; };
		6CE026AB28A533CA00CD73C9 /* AppCoordinator.swift */ = {isa = PBXFileReference; lastKnownFileType = sourcecode.swift; path = AppCoordinator.swift; sourceTree = "<group>"; };
		6CE026AE28A534F900CD73C9 /* Coordinator.swift */ = {isa = PBXFileReference; lastKnownFileType = sourcecode.swift; path = Coordinator.swift; sourceTree = "<group>"; };
		6CE026B628A535BE00CD73C9 /* DesignToken.swift */ = {isa = PBXFileReference; lastKnownFileType = sourcecode.swift; path = DesignToken.swift; sourceTree = "<group>"; };
		6CE026B828A535DC00CD73C9 /* ColorToken.swift */ = {isa = PBXFileReference; lastKnownFileType = sourcecode.swift; path = ColorToken.swift; sourceTree = "<group>"; };
		6CE026BA28A5360400CD73C9 /* FontToken.swift */ = {isa = PBXFileReference; lastKnownFileType = sourcecode.swift; path = FontToken.swift; sourceTree = "<group>"; };
		6CE026C128A537E500CD73C9 /* ClassifiedAdsViewModel.swift */ = {isa = PBXFileReference; lastKnownFileType = sourcecode.swift; path = ClassifiedAdsViewModel.swift; sourceTree = "<group>"; };
		6CE026C328A537F000CD73C9 /* ClassifiedAdsViewController.swift */ = {isa = PBXFileReference; lastKnownFileType = sourcecode.swift; path = ClassifiedAdsViewController.swift; sourceTree = "<group>"; };
		6CE026C528A537FD00CD73C9 /* ClassifiedAdDetailsViewModel.swift */ = {isa = PBXFileReference; lastKnownFileType = sourcecode.swift; path = ClassifiedAdDetailsViewModel.swift; sourceTree = "<group>"; };
		6CE026C728A5380900CD73C9 /* ClassifiedAdDetailsViewController.swift */ = {isa = PBXFileReference; lastKnownFileType = sourcecode.swift; path = ClassifiedAdDetailsViewController.swift; sourceTree = "<group>"; };
		6CE026CA28A5554900CD73C9 /* ClassifiedAd.swift */ = {isa = PBXFileReference; lastKnownFileType = sourcecode.swift; path = ClassifiedAd.swift; sourceTree = "<group>"; };
/* End PBXFileReference section */

/* Begin PBXFrameworksBuildPhase section */
		6CE0267428A5314200CD73C9 /* Frameworks */ = {
			isa = PBXFrameworksBuildPhase;
			buildActionMask = 2147483647;
			files = (
			);
			runOnlyForDeploymentPostprocessing = 0;
		};
		6CE0268A28A5314400CD73C9 /* Frameworks */ = {
			isa = PBXFrameworksBuildPhase;
			buildActionMask = 2147483647;
			files = (
			);
			runOnlyForDeploymentPostprocessing = 0;
		};
		6CE0269428A5314400CD73C9 /* Frameworks */ = {
			isa = PBXFrameworksBuildPhase;
			buildActionMask = 2147483647;
			files = (
			);
			runOnlyForDeploymentPostprocessing = 0;
		};
/* End PBXFrameworksBuildPhase section */

/* Begin PBXGroup section */
		6C04371228A7D8F600510A78 /* Models */ = {
			isa = PBXGroup;
			children = (
				6C04371328A7D90800510A78 /* ClassifiedAd+Mock.swift */,
			);
			path = Models;
			sourceTree = "<group>";
		};
		6C04371B28A7DF1D00510A78 /* Repository */ = {
			isa = PBXGroup;
			children = (
				6C4FD24F28A6DF4200418201 /* ClassifiedAdsRepositoryTests.swift */,
			);
			path = Repository;
			sourceTree = "<group>";
		};
		6C04373328A8402700510A78 /* ClassifiedAdDetails */ = {
			isa = PBXGroup;
			children = (
				6C04373428A8403F00510A78 /* ClassifiedAdDetailsViewModelTests.swift */,
				6C04373828A842B600510A78 /* ClassifiedAdDetailsViewModel+Mock.swift */,
				6C04373628A840D300510A78 /* MockClassifiedAdDetailsViewModelDelegate.swift */,
			);
			path = ClassifiedAdDetails;
			sourceTree = "<group>";
		};
		6C4FD22428A6BF6700418201 /* Network */ = {
			isa = PBXGroup;
			children = (
				6C4FD22528A6BF7200418201 /* Endpoint.swift */,
				6C4FD22728A6BF7C00418201 /* HTTPClient.swift */,
			);
			path = Network;
			sourceTree = "<group>";
		};
		6C4FD22928A6C36500418201 /* Repository */ = {
			isa = PBXGroup;
			children = (
				6C6C9D5828A6B320009B8E73 /* ClassifiedAdsRepository.swift */,
				6C4FD22B28A6C38C00418201 /* ClassifiedAdsEndpoint.swift */,
			);
			path = Repository;
			sourceTree = "<group>";
		};
		6C4FD22A28A6C36F00418201 /* HeaderViews */ = {
			isa = PBXGroup;
			children = (
				6C6C9D5428A69361009B8E73 /* AdsHeaderView.swift */,
			);
			path = HeaderViews;
			sourceTree = "<group>";
		};
		6C4FD22F28A6C87300418201 /* Helpers */ = {
			isa = PBXGroup;
			children = (
				6C4FD23028A6C88100418201 /* CategoryMapper.swift */,
				6C4FD23728A6CF4300418201 /* CategoryMapperProvider.swift */,
			);
			path = Helpers;
			sourceTree = "<group>";
		};
		6C4FD23428A6C97400418201 /* Commons */ = {
			isa = PBXGroup;
			children = (
				6C4FD25828A6F57E00418201 /* Formatters */,
				6C4FD25E28A6FA6200418201 /* Providers */,
				6C4FD25928A6F58600418201 /* Repositories */,
			);
			path = Commons;
			sourceTree = "<group>";
		};
		6C4FD23928A6D82E00418201 /* Commons */ = {
			isa = PBXGroup;
			children = (
				6C4FD24628A6DEA300418201 /* Files */,
				6C4FD23A28A6D85300418201 /* CategoriesRepositoryTests.swift */,
			);
			path = Commons;
			sourceTree = "<group>";
		};
		6C4FD23E28A6D8E600418201 /* Mock */ = {
			isa = PBXGroup;
			children = (
				6C4FD24528A6DE9A00418201 /* Files */,
				6C4FD23F28A6D8F300418201 /* MockHTTPClient.swift */,
				6C04371C28A7DFA200510A78 /* MockImageProvider.swift */,
				6C04371E28A7E2EB00510A78 /* MockCategoryMapperProvider.swift */,
			);
			path = Mock;
			sourceTree = "<group>";
		};
		6C4FD24528A6DE9A00418201 /* Files */ = {
			isa = PBXGroup;
			children = (
				6C4FD24328A6DE9100418201 /* bad-request.json */,
			);
			path = Files;
			sourceTree = "<group>";
		};
		6C4FD24628A6DEA300418201 /* Files */ = {
			isa = PBXGroup;
			children = (
				6C4FD24728A6DEB400418201 /* categories-success.json */,
				6C4FD24928A6DEC200418201 /* categories-error.json */,
			);
			path = Files;
			sourceTree = "<group>";
		};
		6C4FD24D28A6DF2B00418201 /* Features */ = {
			isa = PBXGroup;
			children = (
				6C04373328A8402700510A78 /* ClassifiedAdDetails */,
				6C4FD24E28A6DF3200418201 /* ClassifiedAds */,
			);
			path = Features;
			sourceTree = "<group>";
		};
		6C4FD24E28A6DF3200418201 /* ClassifiedAds */ = {
			isa = PBXGroup;
			children = (
				6C04370F28A7D82100510A78 /* ClassifiedAdsViewModelTests.swift */,
				6C04371928A7DF0E00510A78 /* ClassifiedAdsViewModel+Mock.swift */,
				6C04371528A7DDB300510A78 /* MockClassifiedAdsViewModelDelegate.swift */,
				6C04371728A7DE4500510A78 /* MockClassifiedAdsRepository.swift */,
				6C04371B28A7DF1D00510A78 /* Repository */,
				6C4FD25128A6E01A00418201 /* Files */,
			);
			path = ClassifiedAds;
			sourceTree = "<group>";
		};
		6C4FD25128A6E01A00418201 /* Files */ = {
			isa = PBXGroup;
			children = (
				6C4FD25228A6E02700418201 /* classified-ads-success.json */,
				6C4FD25428A6E05100418201 /* classified-ads-error.json */,
			);
			path = Files;
			sourceTree = "<group>";
		};
		6C4FD25828A6F57E00418201 /* Formatters */ = {
			isa = PBXGroup;
			children = (
				6C04372728A815C500510A78 /* DateFormatter.swift */,
				6C4FD25A28A6F59400418201 /* NumberFormatter.swift */,
			);
			path = Formatters;
			sourceTree = "<group>";
		};
		6C4FD25928A6F58600418201 /* Repositories */ = {
			isa = PBXGroup;
			children = (
				6C4FD23528A6C98100418201 /* CategoriesRepository.swift */,
				6C4FD22D28A6C60F00418201 /* CategoriesEndpoint.swift */,
			);
			path = Repositories;
			sourceTree = "<group>";
		};
		6C4FD25E28A6FA6200418201 /* Providers */ = {
			isa = PBXGroup;
			children = (
				6C4FD25C28A6FA4E00418201 /* ImageProvider.swift */,
			);
			path = Providers;
			sourceTree = "<group>";
		};
		6C4FD25F28A6FF5000418201 /* Views */ = {
			isa = PBXGroup;
			children = (
				6C4FD26028A6FF5900418201 /* AdCard.swift */,
				6C04372928A8204F00510A78 /* AdDetails.swift */,
				6C04372528A7F1B600510A78 /* CloseButton.swift */,
				6C04372F28A82FDF00510A78 /* Divider.swift */,
				6C04373128A8324C00510A78 /* ItemInfo.swift */,
				6C04372B28A8238E00510A78 /* HighlightedText.swift */,
				6C04372D28A8254200510A78 /* Tag.swift */,
			);
			path = Views;
			sourceTree = "<group>";
		};
		6C4FD26228A6FF7B00418201 /* Protocols */ = {
			isa = PBXGroup;
			children = (
				6C4FD26328A6FF8800418201 /* HasData.swift */,
			);
			path = Protocols;
			sourceTree = "<group>";
		};
		6C6C9D3E28A680D5009B8E73 /* Fonts */ = {
			isa = PBXGroup;
			children = (
				6C6C9D3F28A68128009B8E73 /* OpenSans-Light.ttf */,
				6C6C9D4028A68128009B8E73 /* OpenSans-Regular.ttf */,
				6C6C9D4128A68128009B8E73 /* OpenSans-Semibold.ttf */,
			);
			path = Fonts;
			sourceTree = "<group>";
		};
		6C6C9D4D28A68AB1009B8E73 /* UICommons */ = {
			isa = PBXGroup;
			children = (
				6C6C9D4E28A68ABC009B8E73 /* Cells */,
			);
			path = UICommons;
			sourceTree = "<group>";
		};
		6C6C9D4E28A68ABC009B8E73 /* Cells */ = {
			isa = PBXGroup;
			children = (
				6C6C9D4F28A68AD0009B8E73 /* Ad */,
			);
			path = Cells;
			sourceTree = "<group>";
		};
		6C6C9D4F28A68AD0009B8E73 /* Ad */ = {
			isa = PBXGroup;
			children = (
				6C6C9D5028A68ADC009B8E73 /* AdCell.swift */,
				6C6C9D5228A68AE3009B8E73 /* AdCellViewModel.swift */,
			);
			path = Ad;
			sourceTree = "<group>";
		};
		6CE0266E28A5314200CD73C9 = {
			isa = PBXGroup;
			children = (
				6CE0267928A5314200CD73C9 /* Lebontest */,
				6CE0269028A5314400CD73C9 /* LebontestTests */,
				6CE0269A28A5314400CD73C9 /* LebontestUITests */,
				6CE0267828A5314200CD73C9 /* Products */,
			);
			sourceTree = "<group>";
		};
		6CE0267828A5314200CD73C9 /* Products */ = {
			isa = PBXGroup;
			children = (
				6CE0267728A5314200CD73C9 /* Lebontest.app */,
				6CE0268D28A5314400CD73C9 /* LebontestTests.xctest */,
				6CE0269728A5314400CD73C9 /* LebontestUITests.xctest */,
			);
			name = Products;
			sourceTree = "<group>";
		};
		6CE0267928A5314200CD73C9 /* Lebontest */ = {
			isa = PBXGroup;
			children = (
				6CE026AA28A5338C00CD73C9 /* App */,
				6CE026AD28A534E200CD73C9 /* Contracts */,
				6C4FD22428A6BF6700418201 /* Network */,
				6C4FD23428A6C97400418201 /* Commons */,
				6C6C9D4D28A68AB1009B8E73 /* UICommons */,
				6CE026B528A535B100CD73C9 /* Design */,
				6CE026BE28A5378900CD73C9 /* Features */,
				6CE026C928A5381E00CD73C9 /* Models */,
				6C4FD22F28A6C87300418201 /* Helpers */,
				6CE026CC28A5556A00CD73C9 /* SupportingFiles */,
				6CE026CF28A5559000CD73C9 /* Ressources */,
			);
			path = Lebontest;
			sourceTree = "<group>";
		};
		6CE0269028A5314400CD73C9 /* LebontestTests */ = {
			isa = PBXGroup;
			children = (
				6C4FD24128A6DD5200418201 /* XCTestCase+Wait.swift */,
				6C4FD23E28A6D8E600418201 /* Mock */,
				6C4FD23928A6D82E00418201 /* Commons */,
				6C4FD24D28A6DF2B00418201 /* Features */,
				6C04371228A7D8F600510A78 /* Models */,
			);
			path = LebontestTests;
			sourceTree = "<group>";
		};
		6CE0269A28A5314400CD73C9 /* LebontestUITests */ = {
			isa = PBXGroup;
			children = (
				6CE0269B28A5314400CD73C9 /* LebontestUITests.swift */,
				6CE0269D28A5314400CD73C9 /* LebontestUITestsLaunchTests.swift */,
			);
			path = LebontestUITests;
			sourceTree = "<group>";
		};
		6CE026AA28A5338C00CD73C9 /* App */ = {
			isa = PBXGroup;
			children = (
				6CE026AB28A533CA00CD73C9 /* AppCoordinator.swift */,
				6CE0267A28A5314200CD73C9 /* AppDelegate.swift */,
			);
			path = App;
			sourceTree = "<group>";
		};
		6CE026AD28A534E200CD73C9 /* Contracts */ = {
			isa = PBXGroup;
			children = (
				6CE026AE28A534F900CD73C9 /* Coordinator.swift */,
			);
			path = Contracts;
			sourceTree = "<group>";
		};
		6CE026B528A535B100CD73C9 /* Design */ = {
			isa = PBXGroup;
			children = (
				6C4FD26228A6FF7B00418201 /* Protocols */,
				6C4FD25F28A6FF5000418201 /* Views */,
				6CE026BC28A536CA00CD73C9 /* Tokens */,
			);
			path = Design;
			sourceTree = "<group>";
		};
		6CE026BC28A536CA00CD73C9 /* Tokens */ = {
			isa = PBXGroup;
			children = (
				6CE026B628A535BE00CD73C9 /* DesignToken.swift */,
				6CE026B828A535DC00CD73C9 /* ColorToken.swift */,
				6CE026BA28A5360400CD73C9 /* FontToken.swift */,
				6C6C9D3E28A680D5009B8E73 /* Fonts */,
			);
			path = Tokens;
			sourceTree = "<group>";
		};
		6CE026BE28A5378900CD73C9 /* Features */ = {
			isa = PBXGroup;
			children = (
				6CE026BF28A5379A00CD73C9 /* ClassifiedAds */,
				6CE026C028A537A700CD73C9 /* ClassifiedAdDetails */,
			);
			path = Features;
			sourceTree = "<group>";
		};
		6CE026BF28A5379A00CD73C9 /* ClassifiedAds */ = {
			isa = PBXGroup;
			children = (
				6CE026C328A537F000CD73C9 /* ClassifiedAdsViewController.swift */,
				6CE026C128A537E500CD73C9 /* ClassifiedAdsViewModel.swift */,
				6C4FD22A28A6C36F00418201 /* HeaderViews */,
				6C4FD22928A6C36500418201 /* Repository */,
			);
			path = ClassifiedAds;
			sourceTree = "<group>";
		};
		6CE026C028A537A700CD73C9 /* ClassifiedAdDetails */ = {
			isa = PBXGroup;
			children = (
				6CE026C728A5380900CD73C9 /* ClassifiedAdDetailsViewController.swift */,
				6CE026C528A537FD00CD73C9 /* ClassifiedAdDetailsViewModel.swift */,
			);
			path = ClassifiedAdDetails;
			sourceTree = "<group>";
		};
		6CE026C928A5381E00CD73C9 /* Models */ = {
			isa = PBXGroup;
			children = (
				6C4FD23228A6C8CC00418201 /* Category.swift */,
				6CE026CA28A5554900CD73C9 /* ClassifiedAd.swift */,
			);
			path = Models;
			sourceTree = "<group>";
		};
		6CE026CC28A5556A00CD73C9 /* SupportingFiles */ = {
			isa = PBXGroup;
			children = (
				6CE0268828A5314400CD73C9 /* Info.plist */,
				6CE0268528A5314400CD73C9 /* LaunchScreen.storyboard */,
			);
			path = SupportingFiles;
			sourceTree = "<group>";
		};
		6CE026CF28A5559000CD73C9 /* Ressources */ = {
			isa = PBXGroup;
			children = (
				6C6C9D5628A69517009B8E73 /* Asset.swift */,
				6C6C9D4B28A6899F009B8E73 /* Translation.swift */,
				6CE0268328A5314400CD73C9 /* Assets.xcassets */,
				6C6C9D4928A688FC009B8E73 /* Localizable.strings */,
			);
			path = Ressources;
			sourceTree = "<group>";
		};
/* End PBXGroup section */

/* Begin PBXNativeTarget section */
		6CE0267628A5314200CD73C9 /* Lebontest */ = {
			isa = PBXNativeTarget;
			buildConfigurationList = 6CE026A128A5314400CD73C9 /* Build configuration list for PBXNativeTarget "Lebontest" */;
			buildPhases = (
				6CE0267328A5314200CD73C9 /* Sources */,
				6CE0267428A5314200CD73C9 /* Frameworks */,
				6CE0267528A5314200CD73C9 /* Resources */,
			);
			buildRules = (
			);
			dependencies = (
			);
			name = Lebontest;
			productName = LeBonTest;
			productReference = 6CE0267728A5314200CD73C9 /* Lebontest.app */;
			productType = "com.apple.product-type.application";
		};
		6CE0268C28A5314400CD73C9 /* LebontestTests */ = {
			isa = PBXNativeTarget;
			buildConfigurationList = 6CE026A428A5314400CD73C9 /* Build configuration list for PBXNativeTarget "LebontestTests" */;
			buildPhases = (
				6CE0268928A5314400CD73C9 /* Sources */,
				6CE0268A28A5314400CD73C9 /* Frameworks */,
				6CE0268B28A5314400CD73C9 /* Resources */,
			);
			buildRules = (
			);
			dependencies = (
				6CE0268F28A5314400CD73C9 /* PBXTargetDependency */,
			);
			name = LebontestTests;
			productName = LeBonTestTests;
			productReference = 6CE0268D28A5314400CD73C9 /* LebontestTests.xctest */;
			productType = "com.apple.product-type.bundle.unit-test";
		};
		6CE0269628A5314400CD73C9 /* LebontestUITests */ = {
			isa = PBXNativeTarget;
			buildConfigurationList = 6CE026A728A5314400CD73C9 /* Build configuration list for PBXNativeTarget "LebontestUITests" */;
			buildPhases = (
				6CE0269328A5314400CD73C9 /* Sources */,
				6CE0269428A5314400CD73C9 /* Frameworks */,
				6CE0269528A5314400CD73C9 /* Resources */,
			);
			buildRules = (
			);
			dependencies = (
				6CE0269928A5314400CD73C9 /* PBXTargetDependency */,
			);
			name = LebontestUITests;
			productName = LeBonTestUITests;
			productReference = 6CE0269728A5314400CD73C9 /* LebontestUITests.xctest */;
			productType = "com.apple.product-type.bundle.ui-testing";
		};
/* End PBXNativeTarget section */

/* Begin PBXProject section */
		6CE0266F28A5314200CD73C9 /* Project object */ = {
			isa = PBXProject;
			attributes = {
				BuildIndependentTargetsInParallel = 1;
				LastSwiftUpdateCheck = 1340;
				LastUpgradeCheck = 1340;
				TargetAttributes = {
					6CE0267628A5314200CD73C9 = {
						CreatedOnToolsVersion = 13.4.1;
					};
					6CE0268C28A5314400CD73C9 = {
						CreatedOnToolsVersion = 13.4.1;
						LastSwiftMigration = 1340;
						TestTargetID = 6CE0267628A5314200CD73C9;
					};
					6CE0269628A5314400CD73C9 = {
						CreatedOnToolsVersion = 13.4.1;
						TestTargetID = 6CE0267628A5314200CD73C9;
					};
				};
			};
			buildConfigurationList = 6CE0267228A5314200CD73C9 /* Build configuration list for PBXProject "Lebontest" */;
			compatibilityVersion = "Xcode 13.0";
			developmentRegion = en;
			hasScannedForEncodings = 0;
			knownRegions = (
				en,
				Base,
				fr,
			);
			mainGroup = 6CE0266E28A5314200CD73C9;
			productRefGroup = 6CE0267828A5314200CD73C9 /* Products */;
			projectDirPath = "";
			projectRoot = "";
			targets = (
				6CE0267628A5314200CD73C9 /* Lebontest */,
				6CE0268C28A5314400CD73C9 /* LebontestTests */,
				6CE0269628A5314400CD73C9 /* LebontestUITests */,
			);
		};
/* End PBXProject section */

/* Begin PBXResourcesBuildPhase section */
		6CE0267528A5314200CD73C9 /* Resources */ = {
			isa = PBXResourcesBuildPhase;
			buildActionMask = 2147483647;
			files = (
				6CE0268728A5314400CD73C9 /* LaunchScreen.storyboard in Resources */,
				6C6C9D4728A688FC009B8E73 /* Localizable.strings in Resources */,
				6CE0268428A5314400CD73C9 /* Assets.xcassets in Resources */,
			);
			runOnlyForDeploymentPostprocessing = 0;
		};
		6CE0268B28A5314400CD73C9 /* Resources */ = {
			isa = PBXResourcesBuildPhase;
			buildActionMask = 2147483647;
			files = (
				6C4FD25728A6E0AF00418201 /* classified-ads-error.json in Resources */,
				6C4FD25628A6E0AB00418201 /* classified-ads-success.json in Resources */,
				6C4FD24B28A6DF1500418201 /* categories-error.json in Resources */,
				6C4FD24C28A6DF1800418201 /* categories-success.json in Resources */,
			);
			runOnlyForDeploymentPostprocessing = 0;
		};
		6CE0269528A5314400CD73C9 /* Resources */ = {
			isa = PBXResourcesBuildPhase;
			buildActionMask = 2147483647;
			files = (
			);
			runOnlyForDeploymentPostprocessing = 0;
		};
/* End PBXResourcesBuildPhase section */

/* Begin PBXSourcesBuildPhase section */
		6CE0267328A5314200CD73C9 /* Sources */ = {
			isa = PBXSourcesBuildPhase;
			buildActionMask = 2147483647;
			files = (
				6C04372E28A8254200510A78 /* Tag.swift in Sources */,
				6C04372628A7F1B600510A78 /* CloseButton.swift in Sources */,
				6CE026CB28A5554900CD73C9 /* ClassifiedAd.swift in Sources */,
				6CE026C228A537E500CD73C9 /* ClassifiedAdsViewModel.swift in Sources */,
				6C04373228A8324C00510A78 /* ItemInfo.swift in Sources */,
				6C6C9D5928A6B320009B8E73 /* ClassifiedAdsRepository.swift in Sources */,
				6CE026C628A537FD00CD73C9 /* ClassifiedAdDetailsViewModel.swift in Sources */,
				6CE026AF28A534F900CD73C9 /* Coordinator.swift in Sources */,
				6CE026B928A535DC00CD73C9 /* ColorToken.swift in Sources */,
				6C4FD22C28A6C38C00418201 /* ClassifiedAdsEndpoint.swift in Sources */,
				6CE026AC28A533CA00CD73C9 /* AppCoordinator.swift in Sources */,
				6C4FD23128A6C88100418201 /* CategoryMapper.swift in Sources */,
				6C4FD23628A6C98100418201 /* CategoriesRepository.swift in Sources */,
				6C4FD25B28A6F59400418201 /* NumberFormatter.swift in Sources */,
				6CE026C428A537F000CD73C9 /* ClassifiedAdsViewController.swift in Sources */,
				6C4FD22E28A6C60F00418201 /* CategoriesEndpoint.swift in Sources */,
				6C6C9D5728A69517009B8E73 /* Asset.swift in Sources */,
				6C6C9D5528A69361009B8E73 /* AdsHeaderView.swift in Sources */,
				6C04373028A82FDF00510A78 /* Divider.swift in Sources */,
				6C4FD22628A6BF7200418201 /* Endpoint.swift in Sources */,
				6C4FD23328A6C8CC00418201 /* Category.swift in Sources */,
				6C6C9D5128A68ADC009B8E73 /* AdCell.swift in Sources */,
				6C4FD26428A6FF8800418201 /* HasData.swift in Sources */,
				6CE026B728A535BE00CD73C9 /* DesignToken.swift in Sources */,
				6C04372A28A8204F00510A78 /* AdDetails.swift in Sources */,
				6C04372C28A8238E00510A78 /* HighlightedText.swift in Sources */,
				6C04372828A815C500510A78 /* DateFormatter.swift in Sources */,
				6CE0267B28A5314200CD73C9 /* AppDelegate.swift in Sources */,
				6CE026BB28A5360400CD73C9 /* FontToken.swift in Sources */,
				6C6C9D5328A68AE3009B8E73 /* AdCellViewModel.swift in Sources */,
				6C6C9D4C28A6899F009B8E73 /* Translation.swift in Sources */,
				6C4FD22828A6BF7C00418201 /* HTTPClient.swift in Sources */,
				6CE026C828A5380900CD73C9 /* ClassifiedAdDetailsViewController.swift in Sources */,
				6C4FD23828A6CF4300418201 /* CategoryMapperProvider.swift in Sources */,
				6C4FD26128A6FF5900418201 /* AdCard.swift in Sources */,
				6C4FD25D28A6FA4E00418201 /* ImageProvider.swift in Sources */,
			);
			runOnlyForDeploymentPostprocessing = 0;
		};
		6CE0268928A5314400CD73C9 /* Sources */ = {
			isa = PBXSourcesBuildPhase;
			buildActionMask = 2147483647;
			files = (
				6C4FD25028A6DF4200418201 /* ClassifiedAdsRepositoryTests.swift in Sources */,
				6C4FD24028A6D8F300418201 /* MockHTTPClient.swift in Sources */,
				6C04371A28A7DF0E00510A78 /* ClassifiedAdsViewModel+Mock.swift in Sources */,
				6C04371828A7DE4500510A78 /* MockClassifiedAdsRepository.swift in Sources */,
				6C04371D28A7DFA200510A78 /* MockImageProvider.swift in Sources */,
				6C04371128A7D85F00510A78 /* ClassifiedAdsViewModelTests.swift in Sources */,
				6C04371628A7DDB300510A78 /* MockClassifiedAdsViewModelDelegate.swift in Sources */,
				6C4FD24428A6DE9100418201 /* bad-request.json in Sources */,
				6C04371428A7D90800510A78 /* ClassifiedAd+Mock.swift in Sources */,
				6C04373728A840D300510A78 /* MockClassifiedAdDetailsViewModelDelegate.swift in Sources */,
				6C04373928A842B600510A78 /* ClassifiedAdDetailsViewModel+Mock.swift in Sources */,
				6C4FD23B28A6D85300418201 /* CategoriesRepositoryTests.swift in Sources */,
				6C04371F28A7E2EB00510A78 /* MockCategoryMapperProvider.swift in Sources */,
				6C4FD24228A6DD5200418201 /* XCTestCase+Wait.swift in Sources */,
				6C04373528A8403F00510A78 /* ClassifiedAdDetailsViewModelTests.swift in Sources */,
			);
			runOnlyForDeploymentPostprocessing = 0;
		};
		6CE0269328A5314400CD73C9 /* Sources */ = {
			isa = PBXSourcesBuildPhase;
			buildActionMask = 2147483647;
			files = (
				6CE0269C28A5314400CD73C9 /* LebontestUITests.swift in Sources */,
				6CE0269E28A5314400CD73C9 /* LebontestUITestsLaunchTests.swift in Sources */,
			);
			runOnlyForDeploymentPostprocessing = 0;
		};
/* End PBXSourcesBuildPhase section */

/* Begin PBXTargetDependency section */
		6CE0268F28A5314400CD73C9 /* PBXTargetDependency */ = {
			isa = PBXTargetDependency;
			target = 6CE0267628A5314200CD73C9 /* Lebontest */;
			targetProxy = 6CE0268E28A5314400CD73C9 /* PBXContainerItemProxy */;
		};
		6CE0269928A5314400CD73C9 /* PBXTargetDependency */ = {
			isa = PBXTargetDependency;
			target = 6CE0267628A5314200CD73C9 /* Lebontest */;
			targetProxy = 6CE0269828A5314400CD73C9 /* PBXContainerItemProxy */;
		};
/* End PBXTargetDependency section */

/* Begin PBXVariantGroup section */
		6C6C9D4928A688FC009B8E73 /* Localizable.strings */ = {
			isa = PBXVariantGroup;
			children = (
				6C6C9D4828A688FC009B8E73 /* en */,
				6C6C9D4A28A6893D009B8E73 /* fr */,
			);
			name = Localizable.strings;
			sourceTree = "<group>";
		};
		6CE0268528A5314400CD73C9 /* LaunchScreen.storyboard */ = {
			isa = PBXVariantGroup;
			children = (
				6CE0268628A5314400CD73C9 /* Base */,
			);
			name = LaunchScreen.storyboard;
			sourceTree = "<group>";
		};
/* End PBXVariantGroup section */

/* Begin XCBuildConfiguration section */
		6CE0269F28A5314400CD73C9 /* Debug */ = {
			isa = XCBuildConfiguration;
			buildSettings = {
				ALWAYS_SEARCH_USER_PATHS = NO;
				CLANG_ANALYZER_LOCALIZABILITY_NONLOCALIZED = YES;
				CLANG_ANALYZER_NONNULL = YES;
				CLANG_ANALYZER_NUMBER_OBJECT_CONVERSION = YES_AGGRESSIVE;
				CLANG_CXX_LANGUAGE_STANDARD = "gnu++17";
				CLANG_ENABLE_MODULES = YES;
				CLANG_ENABLE_OBJC_ARC = YES;
				CLANG_ENABLE_OBJC_WEAK = YES;
				CLANG_WARN_BLOCK_CAPTURE_AUTORELEASING = YES;
				CLANG_WARN_BOOL_CONVERSION = YES;
				CLANG_WARN_COMMA = YES;
				CLANG_WARN_CONSTANT_CONVERSION = YES;
				CLANG_WARN_DEPRECATED_OBJC_IMPLEMENTATIONS = YES;
				CLANG_WARN_DIRECT_OBJC_ISA_USAGE = YES_ERROR;
				CLANG_WARN_DOCUMENTATION_COMMENTS = YES;
				CLANG_WARN_EMPTY_BODY = YES;
				CLANG_WARN_ENUM_CONVERSION = YES;
				CLANG_WARN_INFINITE_RECURSION = YES;
				CLANG_WARN_INT_CONVERSION = YES;
				CLANG_WARN_NON_LITERAL_NULL_CONVERSION = YES;
				CLANG_WARN_OBJC_IMPLICIT_RETAIN_SELF = YES;
				CLANG_WARN_OBJC_LITERAL_CONVERSION = YES;
				CLANG_WARN_OBJC_ROOT_CLASS = YES_ERROR;
				CLANG_WARN_QUOTED_INCLUDE_IN_FRAMEWORK_HEADER = YES;
				CLANG_WARN_RANGE_LOOP_ANALYSIS = YES;
				CLANG_WARN_STRICT_PROTOTYPES = YES;
				CLANG_WARN_SUSPICIOUS_MOVE = YES;
				CLANG_WARN_UNGUARDED_AVAILABILITY = YES_AGGRESSIVE;
				CLANG_WARN_UNREACHABLE_CODE = YES;
				CLANG_WARN__DUPLICATE_METHOD_MATCH = YES;
				COPY_PHASE_STRIP = NO;
				DEBUG_INFORMATION_FORMAT = dwarf;
				ENABLE_STRICT_OBJC_MSGSEND = YES;
				ENABLE_TESTABILITY = YES;
				GCC_C_LANGUAGE_STANDARD = gnu11;
				GCC_DYNAMIC_NO_PIC = NO;
				GCC_NO_COMMON_BLOCKS = YES;
				GCC_OPTIMIZATION_LEVEL = 0;
				GCC_PREPROCESSOR_DEFINITIONS = (
					"DEBUG=1",
					"$(inherited)",
				);
				GCC_WARN_64_TO_32_BIT_CONVERSION = YES;
				GCC_WARN_ABOUT_RETURN_TYPE = YES_ERROR;
				GCC_WARN_UNDECLARED_SELECTOR = YES;
				GCC_WARN_UNINITIALIZED_AUTOS = YES_AGGRESSIVE;
				GCC_WARN_UNUSED_FUNCTION = YES;
				GCC_WARN_UNUSED_VARIABLE = YES;
				IPHONEOS_DEPLOYMENT_TARGET = 14.0;
				MTL_ENABLE_DEBUG_INFO = INCLUDE_SOURCE;
				MTL_FAST_MATH = YES;
				ONLY_ACTIVE_ARCH = YES;
				SDKROOT = iphoneos;
				SWIFT_ACTIVE_COMPILATION_CONDITIONS = DEBUG;
				SWIFT_OPTIMIZATION_LEVEL = "-Onone";
			};
			name = Debug;
		};
		6CE026A028A5314400CD73C9 /* Release */ = {
			isa = XCBuildConfiguration;
			buildSettings = {
				ALWAYS_SEARCH_USER_PATHS = NO;
				CLANG_ANALYZER_LOCALIZABILITY_NONLOCALIZED = YES;
				CLANG_ANALYZER_NONNULL = YES;
				CLANG_ANALYZER_NUMBER_OBJECT_CONVERSION = YES_AGGRESSIVE;
				CLANG_CXX_LANGUAGE_STANDARD = "gnu++17";
				CLANG_ENABLE_MODULES = YES;
				CLANG_ENABLE_OBJC_ARC = YES;
				CLANG_ENABLE_OBJC_WEAK = YES;
				CLANG_WARN_BLOCK_CAPTURE_AUTORELEASING = YES;
				CLANG_WARN_BOOL_CONVERSION = YES;
				CLANG_WARN_COMMA = YES;
				CLANG_WARN_CONSTANT_CONVERSION = YES;
				CLANG_WARN_DEPRECATED_OBJC_IMPLEMENTATIONS = YES;
				CLANG_WARN_DIRECT_OBJC_ISA_USAGE = YES_ERROR;
				CLANG_WARN_DOCUMENTATION_COMMENTS = YES;
				CLANG_WARN_EMPTY_BODY = YES;
				CLANG_WARN_ENUM_CONVERSION = YES;
				CLANG_WARN_INFINITE_RECURSION = YES;
				CLANG_WARN_INT_CONVERSION = YES;
				CLANG_WARN_NON_LITERAL_NULL_CONVERSION = YES;
				CLANG_WARN_OBJC_IMPLICIT_RETAIN_SELF = YES;
				CLANG_WARN_OBJC_LITERAL_CONVERSION = YES;
				CLANG_WARN_OBJC_ROOT_CLASS = YES_ERROR;
				CLANG_WARN_QUOTED_INCLUDE_IN_FRAMEWORK_HEADER = YES;
				CLANG_WARN_RANGE_LOOP_ANALYSIS = YES;
				CLANG_WARN_STRICT_PROTOTYPES = YES;
				CLANG_WARN_SUSPICIOUS_MOVE = YES;
				CLANG_WARN_UNGUARDED_AVAILABILITY = YES_AGGRESSIVE;
				CLANG_WARN_UNREACHABLE_CODE = YES;
				CLANG_WARN__DUPLICATE_METHOD_MATCH = YES;
				COPY_PHASE_STRIP = NO;
				DEBUG_INFORMATION_FORMAT = "dwarf-with-dsym";
				ENABLE_NS_ASSERTIONS = NO;
				ENABLE_STRICT_OBJC_MSGSEND = YES;
				GCC_C_LANGUAGE_STANDARD = gnu11;
				GCC_NO_COMMON_BLOCKS = YES;
				GCC_WARN_64_TO_32_BIT_CONVERSION = YES;
				GCC_WARN_ABOUT_RETURN_TYPE = YES_ERROR;
				GCC_WARN_UNDECLARED_SELECTOR = YES;
				GCC_WARN_UNINITIALIZED_AUTOS = YES_AGGRESSIVE;
				GCC_WARN_UNUSED_FUNCTION = YES;
				GCC_WARN_UNUSED_VARIABLE = YES;
				IPHONEOS_DEPLOYMENT_TARGET = 14.0;
				MTL_ENABLE_DEBUG_INFO = NO;
				MTL_FAST_MATH = YES;
				SDKROOT = iphoneos;
				SWIFT_COMPILATION_MODE = wholemodule;
				SWIFT_OPTIMIZATION_LEVEL = "-O";
				VALIDATE_PRODUCT = YES;
			};
			name = Release;
		};
		6CE026A228A5314400CD73C9 /* Debug */ = {
			isa = XCBuildConfiguration;
			buildSettings = {
				ASSETCATALOG_COMPILER_APPICON_NAME = AppIcon;
				ASSETCATALOG_COMPILER_GLOBAL_ACCENT_COLOR_NAME = AccentColor;
				CODE_SIGN_STYLE = Automatic;
				CURRENT_PROJECT_VERSION = 1;
				DEVELOPMENT_TEAM = ZKL7YXM7BV;
				GENERATE_INFOPLIST_FILE = YES;
				INFOPLIST_FILE = LeBonTest/SupportingFiles/Info.plist;
				INFOPLIST_KEY_UIApplicationSupportsIndirectInputEvents = YES;
				INFOPLIST_KEY_UILaunchStoryboardName = LaunchScreen;
				INFOPLIST_KEY_UISupportedInterfaceOrientations = UIInterfaceOrientationPortrait;
				INFOPLIST_KEY_UISupportedInterfaceOrientations_iPad = "UIInterfaceOrientationPortrait UIInterfaceOrientationPortraitUpsideDown UIInterfaceOrientationLandscapeLeft UIInterfaceOrientationLandscapeRight";
				INFOPLIST_KEY_UISupportedInterfaceOrientations_iPhone = "UIInterfaceOrientationPortrait UIInterfaceOrientationLandscapeLeft UIInterfaceOrientationLandscapeRight";
				LD_RUNPATH_SEARCH_PATHS = (
					"$(inherited)",
					"@executable_path/Frameworks",
				);
				MARKETING_VERSION = 1.0;
				PRODUCT_BUNDLE_IDENTIFIER = com.fromont.leboncoin.LeBonTest;
				PRODUCT_NAME = "$(TARGET_NAME)";
				SWIFT_EMIT_LOC_STRINGS = YES;
				SWIFT_VERSION = 5.0;
				TARGETED_DEVICE_FAMILY = "1,2";
			};
			name = Debug;
		};
		6CE026A328A5314400CD73C9 /* Release */ = {
			isa = XCBuildConfiguration;
			buildSettings = {
				ASSETCATALOG_COMPILER_APPICON_NAME = AppIcon;
				ASSETCATALOG_COMPILER_GLOBAL_ACCENT_COLOR_NAME = AccentColor;
				CODE_SIGN_STYLE = Automatic;
				CURRENT_PROJECT_VERSION = 1;
				DEVELOPMENT_TEAM = ZKL7YXM7BV;
				GENERATE_INFOPLIST_FILE = YES;
				INFOPLIST_FILE = LeBonTest/SupportingFiles/Info.plist;
				INFOPLIST_KEY_UIApplicationSupportsIndirectInputEvents = YES;
				INFOPLIST_KEY_UILaunchStoryboardName = LaunchScreen;
				INFOPLIST_KEY_UISupportedInterfaceOrientations = UIInterfaceOrientationPortrait;
				INFOPLIST_KEY_UISupportedInterfaceOrientations_iPad = "UIInterfaceOrientationPortrait UIInterfaceOrientationPortraitUpsideDown UIInterfaceOrientationLandscapeLeft UIInterfaceOrientationLandscapeRight";
				INFOPLIST_KEY_UISupportedInterfaceOrientations_iPhone = "UIInterfaceOrientationPortrait UIInterfaceOrientationLandscapeLeft UIInterfaceOrientationLandscapeRight";
				LD_RUNPATH_SEARCH_PATHS = (
					"$(inherited)",
					"@executable_path/Frameworks",
				);
				MARKETING_VERSION = 1.0;
				PRODUCT_BUNDLE_IDENTIFIER = com.fromont.leboncoin.LeBonTest;
				PRODUCT_NAME = "$(TARGET_NAME)";
				SWIFT_EMIT_LOC_STRINGS = YES;
				SWIFT_VERSION = 5.0;
				TARGETED_DEVICE_FAMILY = "1,2";
			};
			name = Release;
		};
		6CE026A528A5314400CD73C9 /* Debug */ = {
			isa = XCBuildConfiguration;
			buildSettings = {
				ALWAYS_EMBED_SWIFT_STANDARD_LIBRARIES = YES;
				BUNDLE_LOADER = "$(TEST_HOST)";
				CLANG_ENABLE_MODULES = YES;
				CODE_SIGN_STYLE = Automatic;
				CURRENT_PROJECT_VERSION = 1;
				DEVELOPMENT_TEAM = ZKL7YXM7BV;
				GENERATE_INFOPLIST_FILE = YES;
				IPHONEOS_DEPLOYMENT_TARGET = 15.5;
				LD_RUNPATH_SEARCH_PATHS = (
					"$(inherited)",
					"@executable_path/Frameworks",
					"@loader_path/Frameworks",
				);
				MARKETING_VERSION = 1.0;
				PRODUCT_BUNDLE_IDENTIFIER = leboncoin.test.com.LeBonTestTests;
				PRODUCT_NAME = "$(TARGET_NAME)";
				SWIFT_EMIT_LOC_STRINGS = NO;
				SWIFT_OPTIMIZATION_LEVEL = "-Onone";
				SWIFT_VERSION = 5.0;
				TARGETED_DEVICE_FAMILY = "1,2";
				TEST_HOST = "$(BUILT_PRODUCTS_DIR)/Lebontest.app/Lebontest";
			};
			name = Debug;
		};
		6CE026A628A5314400CD73C9 /* Release */ = {
			isa = XCBuildConfiguration;
			buildSettings = {
				ALWAYS_EMBED_SWIFT_STANDARD_LIBRARIES = YES;
				BUNDLE_LOADER = "$(TEST_HOST)";
				CLANG_ENABLE_MODULES = YES;
				CODE_SIGN_STYLE = Automatic;
				CURRENT_PROJECT_VERSION = 1;
				DEVELOPMENT_TEAM = ZKL7YXM7BV;
				GENERATE_INFOPLIST_FILE = YES;
				IPHONEOS_DEPLOYMENT_TARGET = 15.5;
				LD_RUNPATH_SEARCH_PATHS = (
					"$(inherited)",
					"@executable_path/Frameworks",
					"@loader_path/Frameworks",
				);
				MARKETING_VERSION = 1.0;
				PRODUCT_BUNDLE_IDENTIFIER = leboncoin.test.com.LeBonTestTests;
				PRODUCT_NAME = "$(TARGET_NAME)";
				SWIFT_EMIT_LOC_STRINGS = NO;
				SWIFT_VERSION = 5.0;
				TARGETED_DEVICE_FAMILY = "1,2";
				TEST_HOST = "$(BUILT_PRODUCTS_DIR)/Lebontest.app/Lebontest";
			};
			name = Release;
		};
		6CE026A828A5314400CD73C9 /* Debug */ = {
			isa = XCBuildConfiguration;
			buildSettings = {
				ALWAYS_EMBED_SWIFT_STANDARD_LIBRARIES = YES;
				CODE_SIGN_STYLE = Automatic;
				CURRENT_PROJECT_VERSION = 1;
				DEVELOPMENT_TEAM = ZKL7YXM7BV;
				GENERATE_INFOPLIST_FILE = YES;
				MARKETING_VERSION = 1.0;
				PRODUCT_BUNDLE_IDENTIFIER = leboncoin.test.com.LeBonTestUITests;
				PRODUCT_NAME = "$(TARGET_NAME)";
				SWIFT_EMIT_LOC_STRINGS = NO;
				SWIFT_VERSION = 5.0;
				TARGETED_DEVICE_FAMILY = "1,2";
				TEST_TARGET_NAME = LeBonTest;
			};
			name = Debug;
		};
		6CE026A928A5314400CD73C9 /* Release */ = {
			isa = XCBuildConfiguration;
			buildSettings = {
				ALWAYS_EMBED_SWIFT_STANDARD_LIBRARIES = YES;
				CODE_SIGN_STYLE = Automatic;
				CURRENT_PROJECT_VERSION = 1;
				DEVELOPMENT_TEAM = ZKL7YXM7BV;
				GENERATE_INFOPLIST_FILE = YES;
				MARKETING_VERSION = 1.0;
				PRODUCT_BUNDLE_IDENTIFIER = leboncoin.test.com.LeBonTestUITests;
				PRODUCT_NAME = "$(TARGET_NAME)";
				SWIFT_EMIT_LOC_STRINGS = NO;
				SWIFT_VERSION = 5.0;
				TARGETED_DEVICE_FAMILY = "1,2";
				TEST_TARGET_NAME = LeBonTest;
			};
			name = Release;
		};
/* End XCBuildConfiguration section */

/* Begin XCConfigurationList section */
		6CE0267228A5314200CD73C9 /* Build configuration list for PBXProject "Lebontest" */ = {
			isa = XCConfigurationList;
			buildConfigurations = (
				6CE0269F28A5314400CD73C9 /* Debug */,
				6CE026A028A5314400CD73C9 /* Release */,
			);
			defaultConfigurationIsVisible = 0;
			defaultConfigurationName = Release;
		};
		6CE026A128A5314400CD73C9 /* Build configuration list for PBXNativeTarget "Lebontest" */ = {
			isa = XCConfigurationList;
			buildConfigurations = (
				6CE026A228A5314400CD73C9 /* Debug */,
				6CE026A328A5314400CD73C9 /* Release */,
			);
			defaultConfigurationIsVisible = 0;
			defaultConfigurationName = Release;
		};
		6CE026A428A5314400CD73C9 /* Build configuration list for PBXNativeTarget "LebontestTests" */ = {
			isa = XCConfigurationList;
			buildConfigurations = (
				6CE026A528A5314400CD73C9 /* Debug */,
				6CE026A628A5314400CD73C9 /* Release */,
			);
			defaultConfigurationIsVisible = 0;
			defaultConfigurationName = Release;
		};
		6CE026A728A5314400CD73C9 /* Build configuration list for PBXNativeTarget "LebontestUITests" */ = {
			isa = XCConfigurationList;
			buildConfigurations = (
				6CE026A828A5314400CD73C9 /* Debug */,
				6CE026A928A5314400CD73C9 /* Release */,
			);
			defaultConfigurationIsVisible = 0;
			defaultConfigurationName = Release;
		};
/* End XCConfigurationList section */
	};
	rootObject = 6CE0266F28A5314200CD73C9 /* Project object */;
}
